// !$*UTF8*$!
{
	archiveVersion = 1;
	classes = {
	};
	objectVersion = 56;
	objects = {

/* Begin PBXBuildFile section */
		6B3F417D2A1D629C007223B2 /* CategoryView.swift in Sources */ = {isa = PBXBuildFile; fileRef = 6B3F417C2A1D629C007223B2 /* CategoryView.swift */; };
		6B3F41802A1D62B2007223B2 /* CategoryViewViewModel.swift in Sources */ = {isa = PBXBuildFile; fileRef = 6B3F417F2A1D62B2007223B2 /* CategoryViewViewModel.swift */; };
		6B3F41832A1D7437007223B2 /* SymbolPicker in Frameworks */ = {isa = PBXBuildFile; productRef = 6B3F41822A1D7437007223B2 /* SymbolPicker */; };
		6B3F41892A1D8670007223B2 /* TransactionsView.swift in Sources */ = {isa = PBXBuildFile; fileRef = 6B3F41882A1D8670007223B2 /* TransactionsView.swift */; };
		6B3F418B2A1D867F007223B2 /* TransactionsViewViewModel.swift in Sources */ = {isa = PBXBuildFile; fileRef = 6B3F418A2A1D867F007223B2 /* TransactionsViewViewModel.swift */; };
		6B3F418D2A1D9EB3007223B2 /* Sequence.swift in Sources */ = {isa = PBXBuildFile; fileRef = 6B3F418C2A1D9EB3007223B2 /* Sequence.swift */; };
		6B42B9FC29C52360003177DC /* Finance_AppApp.swift in Sources */ = {isa = PBXBuildFile; fileRef = 6B42B9FB29C52360003177DC /* Finance_AppApp.swift */; };
		6B42B9FE29C52360003177DC /* ContentView.swift in Sources */ = {isa = PBXBuildFile; fileRef = 6B42B9FD29C52360003177DC /* ContentView.swift */; };
		6B42BA0029C52361003177DC /* Assets.xcassets in Resources */ = {isa = PBXBuildFile; fileRef = 6B42B9FF29C52361003177DC /* Assets.xcassets */; };
		6B42BA0329C52361003177DC /* Preview Assets.xcassets in Resources */ = {isa = PBXBuildFile; fileRef = 6B42BA0229C52361003177DC /* Preview Assets.xcassets */; };
		6B42BA0F29C5250C003177DC /* FirebaseAnalyticsSwift in Frameworks */ = {isa = PBXBuildFile; productRef = 6B42BA0E29C5250C003177DC /* FirebaseAnalyticsSwift */; };
		6B42BA1129C5250C003177DC /* FirebaseAuth in Frameworks */ = {isa = PBXBuildFile; productRef = 6B42BA1029C5250C003177DC /* FirebaseAuth */; };
		6B42BA1329C5250C003177DC /* FirebaseCrashlytics in Frameworks */ = {isa = PBXBuildFile; productRef = 6B42BA1229C5250C003177DC /* FirebaseCrashlytics */; };
		6B42BA1929C5250C003177DC /* FirebaseFirestore in Frameworks */ = {isa = PBXBuildFile; productRef = 6B42BA1829C5250C003177DC /* FirebaseFirestore */; };
		6B42BA2129C5250C003177DC /* FirebasePerformance in Frameworks */ = {isa = PBXBuildFile; productRef = 6B42BA2029C5250C003177DC /* FirebasePerformance */; };
		6B42D76929D47F2E0054A9B3 /* Category.model.swift in Sources */ = {isa = PBXBuildFile; fileRef = 6B42D76829D47F2E0054A9B3 /* Category.model.swift */; };
		6B42D76B29D47FC10054A9B3 /* CategoryService.swift in Sources */ = {isa = PBXBuildFile; fileRef = 6B42D76A29D47FC10054A9B3 /* CategoryService.swift */; };
		6B42D76D29D48D180054A9B3 /* CategoriesView.swift in Sources */ = {isa = PBXBuildFile; fileRef = 6B42D76C29D48D180054A9B3 /* CategoriesView.swift */; };
		6B42D76F29D48D4F0054A9B3 /* CategoriesViewModel.swift in Sources */ = {isa = PBXBuildFile; fileRef = 6B42D76E29D48D4F0054A9B3 /* CategoriesViewModel.swift */; };
		6B5088232A2143740047DEAE /* HomeView.swift in Sources */ = {isa = PBXBuildFile; fileRef = 6B5088222A2143740047DEAE /* HomeView.swift */; };
		6B5088252A214CD30047DEAE /* Color.swift in Sources */ = {isa = PBXBuildFile; fileRef = 6B5088242A214CD30047DEAE /* Color.swift */; };
		6B50882B2A215C020047DEAE /* HomeVIewModel.swift in Sources */ = {isa = PBXBuildFile; fileRef = 6B50882A2A215C020047DEAE /* HomeVIewModel.swift */; };
		6B5088312A216A050047DEAE /* AddTransactionSheet.swift in Sources */ = {isa = PBXBuildFile; fileRef = 6B5088302A216A050047DEAE /* AddTransactionSheet.swift */; };
		6B5088332A216A2B0047DEAE /* AddTransactionSheetModel.swift in Sources */ = {isa = PBXBuildFile; fileRef = 6B5088322A216A2B0047DEAE /* AddTransactionSheetModel.swift */; };
		6B5088362A2170FA0047DEAE /* RoundedTextFieldStyle.swift in Sources */ = {isa = PBXBuildFile; fileRef = 6B5088352A2170FA0047DEAE /* RoundedTextFieldStyle.swift */; };
		6B5A862F2A24F1A900C55BA0 /* ColorPicker.swift in Sources */ = {isa = PBXBuildFile; fileRef = 6B5A862E2A24F1A900C55BA0 /* ColorPicker.swift */; };
		6B87C94229CE90B700145DE8 /* FirebaseService.swift in Sources */ = {isa = PBXBuildFile; fileRef = 6B87C94129CE90B700145DE8 /* FirebaseService.swift */; };
		6B87C94429CE91A000145DE8 /* UserService.swift in Sources */ = {isa = PBXBuildFile; fileRef = 6B87C94329CE919F00145DE8 /* UserService.swift */; };
		6BA3793529CCA2BB00F1462F /* UserMenuView.swift in Sources */ = {isa = PBXBuildFile; fileRef = 6BA3793429CCA2BA00F1462F /* UserMenuView.swift */; };
		6BA3793C29CCB4BD00F1462F /* UserMenuViewModel.swift in Sources */ = {isa = PBXBuildFile; fileRef = 6BA3793B29CCB4BD00F1462F /* UserMenuViewModel.swift */; };
		6BA3793F29CCB70700F1462F /* Strings.swift in Sources */ = {isa = PBXBuildFile; fileRef = 6BA3793E29CCB70700F1462F /* Strings.swift */; };
		6BA728F52A151ECA00DC2EF3 /* MenuTabModel.swift in Sources */ = {isa = PBXBuildFile; fileRef = 6BA728F42A151ECA00DC2EF3 /* MenuTabModel.swift */; };
		6BA728F72A1523AB00DC2EF3 /* MenuTabShape.swift in Sources */ = {isa = PBXBuildFile; fileRef = 6BA728F62A1523AB00DC2EF3 /* MenuTabShape.swift */; };
		6BA728F92A15250500DC2EF3 /* MenuTabPosition.swift in Sources */ = {isa = PBXBuildFile; fileRef = 6BA728F82A15250500DC2EF3 /* MenuTabPosition.swift */; };
		6BA728FB2A158E7900DC2EF3 /* Account.model.swift in Sources */ = {isa = PBXBuildFile; fileRef = 6BA728FA2A158E7900DC2EF3 /* Account.model.swift */; };
		6BA728FE2A1591D900DC2EF3 /* CustomCorner.swift in Sources */ = {isa = PBXBuildFile; fileRef = 6BA728FD2A1591D900DC2EF3 /* CustomCorner.swift */; };
		6BAFA7B229CBB2CF0051A34D /* AuthHistory.swift in Sources */ = {isa = PBXBuildFile; fileRef = 6BAFA7B129CBB2CF0051A34D /* AuthHistory.swift */; };
		6BAFA7B529CBB2DF0051A34D /* AuthHistoryViewModel.swift in Sources */ = {isa = PBXBuildFile; fileRef = 6BAFA7B429CBB2DF0051A34D /* AuthHistoryViewModel.swift */; };
		6BAFA7B729CBB3180051A34D /* AuthHistoryItem.model.swift in Sources */ = {isa = PBXBuildFile; fileRef = 6BAFA7B629CBB3180051A34D /* AuthHistoryItem.model.swift */; };
		6BAFA7BA29CBB6060051A34D /* MenuViewModel.swift in Sources */ = {isa = PBXBuildFile; fileRef = 6BAFA7B929CBB6060051A34D /* MenuViewModel.swift */; };
		6BAFA7C029CBC4480051A34D /* FirebaseFirestoreSwift in Frameworks */ = {isa = PBXBuildFile; productRef = 6BAFA7BF29CBC4480051A34D /* FirebaseFirestoreSwift */; };
		6BB144342A222E62008CC944 /* TransactionListItem.swift in Sources */ = {isa = PBXBuildFile; fileRef = 6BB144332A222E62008CC944 /* TransactionListItem.swift */; };
		6BB144422A2241D9008CC944 /* UpdateBalanceSheet.swift in Sources */ = {isa = PBXBuildFile; fileRef = 6BB144412A2241D9008CC944 /* UpdateBalanceSheet.swift */; };
		6BB144442A224294008CC944 /* UpdateBalanceSheetModel.swift in Sources */ = {isa = PBXBuildFile; fileRef = 6BB144432A224294008CC944 /* UpdateBalanceSheetModel.swift */; };
		6BB144472A225DE2008CC944 /* CategoryCircleItem.swift in Sources */ = {isa = PBXBuildFile; fileRef = 6BB144462A225DE2008CC944 /* CategoryCircleItem.swift */; };
		6BB144492A2262D1008CC944 /* Set.swift in Sources */ = {isa = PBXBuildFile; fileRef = 6BB144482A2262D1008CC944 /* Set.swift */; };
		6BB1444E2A228377008CC944 /* TransanctionView.swift in Sources */ = {isa = PBXBuildFile; fileRef = 6BB1444D2A228377008CC944 /* TransanctionView.swift */; };
		6BB144502A22838A008CC944 /* TransanctionViewModel.swift in Sources */ = {isa = PBXBuildFile; fileRef = 6BB1444F2A22838A008CC944 /* TransanctionViewModel.swift */; };
		6BB144522A22BFBE008CC944 /* Binding.swift in Sources */ = {isa = PBXBuildFile; fileRef = 6BB144512A22BFBE008CC944 /* Binding.swift */; };
		6BB144582A22C1DB008CC944 /* PieChart.swift in Sources */ = {isa = PBXBuildFile; fileRef = 6BB144572A22C1DB008CC944 /* PieChart.swift */; };
		6BB1445A2A22C206008CC944 /* PieSliceData.swift in Sources */ = {isa = PBXBuildFile; fileRef = 6BB144592A22C206008CC944 /* PieSliceData.swift */; };
		6BB1445C2A22C22C008CC944 /* PieSliceView.swift in Sources */ = {isa = PBXBuildFile; fileRef = 6BB1445B2A22C22C008CC944 /* PieSliceView.swift */; };
		6BB1445E2A22C45E008CC944 /* PieChartRows.swift in Sources */ = {isa = PBXBuildFile; fileRef = 6BB1445D2A22C45E008CC944 /* PieChartRows.swift */; };
		6BB144642A22E160008CC944 /* View.swift in Sources */ = {isa = PBXBuildFile; fileRef = 6BB144632A22E160008CC944 /* View.swift */; };
		6BB30E2129C5299B00168438 /* User.model.swift in Sources */ = {isa = PBXBuildFile; fileRef = 6BB30E2029C5299B00168438 /* User.model.swift */; };
		6BB30E2429C52A1D00168438 /* LoginView.swift in Sources */ = {isa = PBXBuildFile; fileRef = 6BB30E2329C52A1D00168438 /* LoginView.swift */; };
		6BB30E2729C52B0500168438 /* LoginViewModel.swift in Sources */ = {isa = PBXBuildFile; fileRef = 6BB30E2629C52B0500168438 /* LoginViewModel.swift */; };
		6BB30E2929C530BB00168438 /* SignUpView.swift in Sources */ = {isa = PBXBuildFile; fileRef = 6BB30E2829C530BB00168438 /* SignUpView.swift */; };
		6BB30E2B29C530D900168438 /* SignUpViewModel.swift in Sources */ = {isa = PBXBuildFile; fileRef = 6BB30E2A29C530D900168438 /* SignUpViewModel.swift */; };
		6BB30E2D29C5321300168438 /* AuthView.swift in Sources */ = {isa = PBXBuildFile; fileRef = 6BB30E2C29C5321300168438 /* AuthView.swift */; };
		6BB30E2F29C5321F00168438 /* AuthViewModel.swift in Sources */ = {isa = PBXBuildFile; fileRef = 6BB30E2E29C5321F00168438 /* AuthViewModel.swift */; };
		6BB6A14829CB53830004B1D5 /* MainView.swift in Sources */ = {isa = PBXBuildFile; fileRef = 6BB6A14729CB53830004B1D5 /* MainView.swift */; };
		6BB6A14A29CB53930004B1D5 /* MainViewModel.swift in Sources */ = {isa = PBXBuildFile; fileRef = 6BB6A14929CB53930004B1D5 /* MainViewModel.swift */; };
		6BB6A15129CB650E0004B1D5 /* MenuView.swift in Sources */ = {isa = PBXBuildFile; fileRef = 6BB6A15029CB650E0004B1D5 /* MenuView.swift */; };
		6BBA60862A267E1D00DB847E /* GoogleService-Info.plist in Resources */ = {isa = PBXBuildFile; fileRef = 6BBA60852A267E1D00DB847E /* GoogleService-Info.plist */; };
		6BBA60A52A26B18400DB847E /* UserDataView.swift in Sources */ = {isa = PBXBuildFile; fileRef = 6BBA60A42A26B18400DB847E /* UserDataView.swift */; };
		6BBA60A72A26B19000DB847E /* UserDataViewModel.swift in Sources */ = {isa = PBXBuildFile; fileRef = 6BBA60A62A26B19000DB847E /* UserDataViewModel.swift */; };
		6BC9D5002A141B6A00C9B31B /* ScrollDetector.swift in Sources */ = {isa = PBXBuildFile; fileRef = 6BC9D4FF2A141B6A00C9B31B /* ScrollDetector.swift */; };
		6BFB87B529E6087F000CD72E /* TransactionService.swift in Sources */ = {isa = PBXBuildFile; fileRef = 6BFB87B429E6087F000CD72E /* TransactionService.swift */; };
		6BFB87B729E608D6000CD72E /* Transaction.model.swift in Sources */ = {isa = PBXBuildFile; fileRef = 6BFB87B629E608D6000CD72E /* Transaction.model.swift */; };
/* End PBXBuildFile section */

/* Begin PBXFileReference section */
		6B3F417C2A1D629C007223B2 /* CategoryView.swift */ = {isa = PBXFileReference; lastKnownFileType = sourcecode.swift; path = CategoryView.swift; sourceTree = "<group>"; };
		6B3F417F2A1D62B2007223B2 /* CategoryViewViewModel.swift */ = {isa = PBXFileReference; lastKnownFileType = sourcecode.swift; path = CategoryViewViewModel.swift; sourceTree = "<group>"; };
		6B3F41882A1D8670007223B2 /* TransactionsView.swift */ = {isa = PBXFileReference; lastKnownFileType = sourcecode.swift; path = TransactionsView.swift; sourceTree = "<group>"; };
		6B3F418A2A1D867F007223B2 /* TransactionsViewViewModel.swift */ = {isa = PBXFileReference; lastKnownFileType = sourcecode.swift; path = TransactionsViewViewModel.swift; sourceTree = "<group>"; };
		6B3F418C2A1D9EB3007223B2 /* Sequence.swift */ = {isa = PBXFileReference; lastKnownFileType = sourcecode.swift; path = Sequence.swift; sourceTree = "<group>"; };
		6B42B9F829C52360003177DC /* Finance App.app */ = {isa = PBXFileReference; explicitFileType = wrapper.application; includeInIndex = 0; path = "Finance App.app"; sourceTree = BUILT_PRODUCTS_DIR; };
		6B42B9FB29C52360003177DC /* Finance_AppApp.swift */ = {isa = PBXFileReference; lastKnownFileType = sourcecode.swift; path = Finance_AppApp.swift; sourceTree = "<group>"; };
		6B42B9FD29C52360003177DC /* ContentView.swift */ = {isa = PBXFileReference; lastKnownFileType = sourcecode.swift; path = ContentView.swift; sourceTree = "<group>"; };
		6B42B9FF29C52361003177DC /* Assets.xcassets */ = {isa = PBXFileReference; lastKnownFileType = folder.assetcatalog; path = Assets.xcassets; sourceTree = "<group>"; };
		6B42BA0229C52361003177DC /* Preview Assets.xcassets */ = {isa = PBXFileReference; lastKnownFileType = folder.assetcatalog; path = "Preview Assets.xcassets"; sourceTree = "<group>"; };
		6B42D76829D47F2E0054A9B3 /* Category.model.swift */ = {isa = PBXFileReference; lastKnownFileType = sourcecode.swift; path = Category.model.swift; sourceTree = "<group>"; };
		6B42D76A29D47FC10054A9B3 /* CategoryService.swift */ = {isa = PBXFileReference; lastKnownFileType = sourcecode.swift; path = CategoryService.swift; sourceTree = "<group>"; };
		6B42D76C29D48D180054A9B3 /* CategoriesView.swift */ = {isa = PBXFileReference; lastKnownFileType = sourcecode.swift; path = CategoriesView.swift; sourceTree = "<group>"; };
		6B42D76E29D48D4F0054A9B3 /* CategoriesViewModel.swift */ = {isa = PBXFileReference; lastKnownFileType = sourcecode.swift; path = CategoriesViewModel.swift; sourceTree = "<group>"; };
		6B5088222A2143740047DEAE /* HomeView.swift */ = {isa = PBXFileReference; lastKnownFileType = sourcecode.swift; path = HomeView.swift; sourceTree = "<group>"; wrapsLines = 1; };
		6B5088242A214CD30047DEAE /* Color.swift */ = {isa = PBXFileReference; lastKnownFileType = sourcecode.swift; path = Color.swift; sourceTree = "<group>"; };
		6B50882A2A215C020047DEAE /* HomeVIewModel.swift */ = {isa = PBXFileReference; lastKnownFileType = sourcecode.swift; path = HomeVIewModel.swift; sourceTree = "<group>"; };
		6B5088302A216A050047DEAE /* AddTransactionSheet.swift */ = {isa = PBXFileReference; lastKnownFileType = sourcecode.swift; path = AddTransactionSheet.swift; sourceTree = "<group>"; };
		6B5088322A216A2B0047DEAE /* AddTransactionSheetModel.swift */ = {isa = PBXFileReference; lastKnownFileType = sourcecode.swift; path = AddTransactionSheetModel.swift; sourceTree = "<group>"; };
		6B5088352A2170FA0047DEAE /* RoundedTextFieldStyle.swift */ = {isa = PBXFileReference; lastKnownFileType = sourcecode.swift; path = RoundedTextFieldStyle.swift; sourceTree = "<group>"; };
		6B5A862E2A24F1A900C55BA0 /* ColorPicker.swift */ = {isa = PBXFileReference; lastKnownFileType = sourcecode.swift; path = ColorPicker.swift; sourceTree = "<group>"; };
		6B87C94129CE90B700145DE8 /* FirebaseService.swift */ = {isa = PBXFileReference; lastKnownFileType = sourcecode.swift; path = FirebaseService.swift; sourceTree = "<group>"; };
		6B87C94329CE919F00145DE8 /* UserService.swift */ = {isa = PBXFileReference; lastKnownFileType = sourcecode.swift; path = UserService.swift; sourceTree = "<group>"; };
		6BA3793429CCA2BA00F1462F /* UserMenuView.swift */ = {isa = PBXFileReference; lastKnownFileType = sourcecode.swift; path = UserMenuView.swift; sourceTree = "<group>"; };
		6BA3793B29CCB4BD00F1462F /* UserMenuViewModel.swift */ = {isa = PBXFileReference; lastKnownFileType = sourcecode.swift; path = UserMenuViewModel.swift; sourceTree = "<group>"; };
		6BA3793E29CCB70700F1462F /* Strings.swift */ = {isa = PBXFileReference; lastKnownFileType = sourcecode.swift; path = Strings.swift; sourceTree = "<group>"; };
		6BA728F42A151ECA00DC2EF3 /* MenuTabModel.swift */ = {isa = PBXFileReference; lastKnownFileType = sourcecode.swift; path = MenuTabModel.swift; sourceTree = "<group>"; };
		6BA728F62A1523AB00DC2EF3 /* MenuTabShape.swift */ = {isa = PBXFileReference; lastKnownFileType = sourcecode.swift; path = MenuTabShape.swift; sourceTree = "<group>"; };
		6BA728F82A15250500DC2EF3 /* MenuTabPosition.swift */ = {isa = PBXFileReference; lastKnownFileType = sourcecode.swift; path = MenuTabPosition.swift; sourceTree = "<group>"; };
		6BA728FA2A158E7900DC2EF3 /* Account.model.swift */ = {isa = PBXFileReference; lastKnownFileType = sourcecode.swift; path = Account.model.swift; sourceTree = "<group>"; };
		6BA728FD2A1591D900DC2EF3 /* CustomCorner.swift */ = {isa = PBXFileReference; lastKnownFileType = sourcecode.swift; path = CustomCorner.swift; sourceTree = "<group>"; };
		6BAFA7AF29CBAF070051A34D /* Finance App.entitlements */ = {isa = PBXFileReference; lastKnownFileType = text.plist.entitlements; path = "Finance App.entitlements"; sourceTree = "<group>"; };
		6BAFA7B129CBB2CF0051A34D /* AuthHistory.swift */ = {isa = PBXFileReference; lastKnownFileType = sourcecode.swift; path = AuthHistory.swift; sourceTree = "<group>"; };
		6BAFA7B429CBB2DF0051A34D /* AuthHistoryViewModel.swift */ = {isa = PBXFileReference; lastKnownFileType = sourcecode.swift; path = AuthHistoryViewModel.swift; sourceTree = "<group>"; };
		6BAFA7B629CBB3180051A34D /* AuthHistoryItem.model.swift */ = {isa = PBXFileReference; lastKnownFileType = sourcecode.swift; path = AuthHistoryItem.model.swift; sourceTree = "<group>"; };
		6BAFA7B929CBB6060051A34D /* MenuViewModel.swift */ = {isa = PBXFileReference; lastKnownFileType = sourcecode.swift; path = MenuViewModel.swift; sourceTree = "<group>"; };
		6BB144332A222E62008CC944 /* TransactionListItem.swift */ = {isa = PBXFileReference; lastKnownFileType = sourcecode.swift; path = TransactionListItem.swift; sourceTree = "<group>"; };
		6BB144412A2241D9008CC944 /* UpdateBalanceSheet.swift */ = {isa = PBXFileReference; lastKnownFileType = sourcecode.swift; path = UpdateBalanceSheet.swift; sourceTree = "<group>"; };
		6BB144432A224294008CC944 /* UpdateBalanceSheetModel.swift */ = {isa = PBXFileReference; lastKnownFileType = sourcecode.swift; path = UpdateBalanceSheetModel.swift; sourceTree = "<group>"; };
		6BB144462A225DE2008CC944 /* CategoryCircleItem.swift */ = {isa = PBXFileReference; lastKnownFileType = sourcecode.swift; path = CategoryCircleItem.swift; sourceTree = "<group>"; };
		6BB144482A2262D1008CC944 /* Set.swift */ = {isa = PBXFileReference; lastKnownFileType = sourcecode.swift; path = Set.swift; sourceTree = "<group>"; };
		6BB1444D2A228377008CC944 /* TransanctionView.swift */ = {isa = PBXFileReference; lastKnownFileType = sourcecode.swift; path = TransanctionView.swift; sourceTree = "<group>"; };
		6BB1444F2A22838A008CC944 /* TransanctionViewModel.swift */ = {isa = PBXFileReference; lastKnownFileType = sourcecode.swift; path = TransanctionViewModel.swift; sourceTree = "<group>"; };
		6BB144512A22BFBE008CC944 /* Binding.swift */ = {isa = PBXFileReference; lastKnownFileType = sourcecode.swift; path = Binding.swift; sourceTree = "<group>"; };
		6BB144572A22C1DB008CC944 /* PieChart.swift */ = {isa = PBXFileReference; lastKnownFileType = sourcecode.swift; path = PieChart.swift; sourceTree = "<group>"; };
		6BB144592A22C206008CC944 /* PieSliceData.swift */ = {isa = PBXFileReference; lastKnownFileType = sourcecode.swift; path = PieSliceData.swift; sourceTree = "<group>"; };
		6BB1445B2A22C22C008CC944 /* PieSliceView.swift */ = {isa = PBXFileReference; lastKnownFileType = sourcecode.swift; path = PieSliceView.swift; sourceTree = "<group>"; };
		6BB1445D2A22C45E008CC944 /* PieChartRows.swift */ = {isa = PBXFileReference; lastKnownFileType = sourcecode.swift; path = PieChartRows.swift; sourceTree = "<group>"; };
		6BB144632A22E160008CC944 /* View.swift */ = {isa = PBXFileReference; lastKnownFileType = sourcecode.swift; path = View.swift; sourceTree = "<group>"; };
		6BB30E2029C5299B00168438 /* User.model.swift */ = {isa = PBXFileReference; lastKnownFileType = sourcecode.swift; path = User.model.swift; sourceTree = "<group>"; };
		6BB30E2329C52A1D00168438 /* LoginView.swift */ = {isa = PBXFileReference; lastKnownFileType = sourcecode.swift; path = LoginView.swift; sourceTree = "<group>"; };
		6BB30E2629C52B0500168438 /* LoginViewModel.swift */ = {isa = PBXFileReference; lastKnownFileType = sourcecode.swift; path = LoginViewModel.swift; sourceTree = "<group>"; };
		6BB30E2829C530BB00168438 /* SignUpView.swift */ = {isa = PBXFileReference; lastKnownFileType = sourcecode.swift; path = SignUpView.swift; sourceTree = "<group>"; };
		6BB30E2A29C530D900168438 /* SignUpViewModel.swift */ = {isa = PBXFileReference; lastKnownFileType = sourcecode.swift; path = SignUpViewModel.swift; sourceTree = "<group>"; };
		6BB30E2C29C5321300168438 /* AuthView.swift */ = {isa = PBXFileReference; lastKnownFileType = sourcecode.swift; path = AuthView.swift; sourceTree = "<group>"; };
		6BB30E2E29C5321F00168438 /* AuthViewModel.swift */ = {isa = PBXFileReference; lastKnownFileType = sourcecode.swift; path = AuthViewModel.swift; sourceTree = "<group>"; };
		6BB6A14729CB53830004B1D5 /* MainView.swift */ = {isa = PBXFileReference; lastKnownFileType = sourcecode.swift; path = MainView.swift; sourceTree = "<group>"; };
		6BB6A14929CB53930004B1D5 /* MainViewModel.swift */ = {isa = PBXFileReference; lastKnownFileType = sourcecode.swift; path = MainViewModel.swift; sourceTree = "<group>"; };
		6BB6A15029CB650E0004B1D5 /* MenuView.swift */ = {isa = PBXFileReference; lastKnownFileType = sourcecode.swift; path = MenuView.swift; sourceTree = "<group>"; };
		6BBA60852A267E1D00DB847E /* GoogleService-Info.plist */ = {isa = PBXFileReference; fileEncoding = 4; lastKnownFileType = text.plist.xml; path = "GoogleService-Info.plist"; sourceTree = "<group>"; };
		6BBA60A42A26B18400DB847E /* UserDataView.swift */ = {isa = PBXFileReference; lastKnownFileType = sourcecode.swift; path = UserDataView.swift; sourceTree = "<group>"; };
		6BBA60A62A26B19000DB847E /* UserDataViewModel.swift */ = {isa = PBXFileReference; lastKnownFileType = sourcecode.swift; path = UserDataViewModel.swift; sourceTree = "<group>"; };
		6BC9D4FF2A141B6A00C9B31B /* ScrollDetector.swift */ = {isa = PBXFileReference; lastKnownFileType = sourcecode.swift; path = ScrollDetector.swift; sourceTree = "<group>"; };
		6BFB87B429E6087F000CD72E /* TransactionService.swift */ = {isa = PBXFileReference; lastKnownFileType = sourcecode.swift; path = TransactionService.swift; sourceTree = "<group>"; };
		6BFB87B629E608D6000CD72E /* Transaction.model.swift */ = {isa = PBXFileReference; lastKnownFileType = sourcecode.swift; path = Transaction.model.swift; sourceTree = "<group>"; };
/* End PBXFileReference section */

/* Begin PBXFrameworksBuildPhase section */
		6B42B9F529C52360003177DC /* Frameworks */ = {
			isa = PBXFrameworksBuildPhase;
			buildActionMask = 2147483647;
			files = (
				6B42BA2129C5250C003177DC /* FirebasePerformance in Frameworks */,
				6B3F41832A1D7437007223B2 /* SymbolPicker in Frameworks */,
				6B42BA0F29C5250C003177DC /* FirebaseAnalyticsSwift in Frameworks */,
				6B42BA1329C5250C003177DC /* FirebaseCrashlytics in Frameworks */,
				6B42BA1129C5250C003177DC /* FirebaseAuth in Frameworks */,
				6B42BA1929C5250C003177DC /* FirebaseFirestore in Frameworks */,
				6BAFA7C029CBC4480051A34D /* FirebaseFirestoreSwift in Frameworks */,
			);
			runOnlyForDeploymentPostprocessing = 0;
		};
/* End PBXFrameworksBuildPhase section */

/* Begin PBXGroup section */
		6B3F417E2A1D629F007223B2 /* CategoryView */ = {
			isa = PBXGroup;
			children = (
				6B3F417C2A1D629C007223B2 /* CategoryView.swift */,
				6B3F417F2A1D62B2007223B2 /* CategoryViewViewModel.swift */,
			);
			path = CategoryView;
			sourceTree = "<group>";
		};
		6B3F41872A1D865F007223B2 /* TransactionsView */ = {
			isa = PBXGroup;
			children = (
				6B3F41882A1D8670007223B2 /* TransactionsView.swift */,
				6B3F418A2A1D867F007223B2 /* TransactionsViewViewModel.swift */,
			);
			path = TransactionsView;
			sourceTree = "<group>";
		};
		6B42B9EF29C52360003177DC = {
			isa = PBXGroup;
			children = (
				6B42B9FA29C52360003177DC /* Finance App */,
				6B42B9F929C52360003177DC /* Products */,
			);
			sourceTree = "<group>";
		};
		6B42B9F929C52360003177DC /* Products */ = {
			isa = PBXGroup;
			children = (
				6B42B9F829C52360003177DC /* Finance App.app */,
			);
			name = Products;
			sourceTree = "<group>";
		};
		6B42B9FA29C52360003177DC /* Finance App */ = {
			isa = PBXGroup;
			children = (
				6BBA60852A267E1D00DB847E /* GoogleService-Info.plist */,
				6B5088342A2170E60047DEAE /* styles */,
				6BC9D4FE2A141B5800C9B31B /* helpers */,
				6B87C94029CE90AC00145DE8 /* services */,
				6BA3793D29CCB6FD00F1462F /* extensions */,
				6BA3793729CCA2FE00F1462F /* components */,
				6BB30E2229C52A1100168438 /* views */,
				6BB30E1F29C5299000168438 /* models */,
				6B42B9FB29C52360003177DC /* Finance_AppApp.swift */,
				6B42B9FD29C52360003177DC /* ContentView.swift */,
				6B42B9FF29C52361003177DC /* Assets.xcassets */,
				6B42BA0129C52361003177DC /* Preview Content */,
				6BAFA7AF29CBAF070051A34D /* Finance App.entitlements */,
			);
			path = "Finance App";
			sourceTree = "<group>";
		};
		6B42BA0129C52361003177DC /* Preview Content */ = {
			isa = PBXGroup;
			children = (
				6B42BA0229C52361003177DC /* Preview Assets.xcassets */,
			);
			path = "Preview Content";
			sourceTree = "<group>";
		};
		6B5088202A21433E0047DEAE /* HomeView */ = {
			isa = PBXGroup;
			children = (
				6B5088222A2143740047DEAE /* HomeView.swift */,
				6B50882A2A215C020047DEAE /* HomeVIewModel.swift */,
			);
			path = HomeView;
			sourceTree = "<group>";
		};
		6B50882F2A2169F60047DEAE /* AddTransactionSheet */ = {
			isa = PBXGroup;
			children = (
				6B5088302A216A050047DEAE /* AddTransactionSheet.swift */,
				6B5088322A216A2B0047DEAE /* AddTransactionSheetModel.swift */,
			);
			path = AddTransactionSheet;
			sourceTree = "<group>";
		};
		6B5088342A2170E60047DEAE /* styles */ = {
			isa = PBXGroup;
			children = (
				6B5088352A2170FA0047DEAE /* RoundedTextFieldStyle.swift */,
			);
			path = styles;
			sourceTree = "<group>";
		};
		6B5A862D2A24F19F00C55BA0 /* ColorPicker */ = {
			isa = PBXGroup;
			children = (
				6B5A862E2A24F1A900C55BA0 /* ColorPicker.swift */,
			);
			path = ColorPicker;
			sourceTree = "<group>";
		};
		6B87C94029CE90AC00145DE8 /* services */ = {
			isa = PBXGroup;
			children = (
				6B87C94129CE90B700145DE8 /* FirebaseService.swift */,
				6B87C94329CE919F00145DE8 /* UserService.swift */,
				6B42D76A29D47FC10054A9B3 /* CategoryService.swift */,
				6BFB87B429E6087F000CD72E /* TransactionService.swift */,
			);
			path = services;
			sourceTree = "<group>";
		};
		6BA3793729CCA2FE00F1462F /* components */ = {
			isa = PBXGroup;
			children = (
				6B5A862D2A24F19F00C55BA0 /* ColorPicker */,
				6BB144562A22C1D2008CC944 /* PieChart */,
				6BB144452A225DCA008CC944 /* CategoryCircleItem */,
				6BB144402A2241CD008CC944 /* UpdateBalanceSheet */,
				6BB144322A222E56008CC944 /* TransactionListItem */,
				6B50882F2A2169F60047DEAE /* AddTransactionSheet */,
				6BA728FC2A1591BD00DC2EF3 /* CustomCorner */,
				6BA728F32A151EC000DC2EF3 /* MenuTab */,
			);
			path = components;
			sourceTree = "<group>";
		};
		6BA3793D29CCB6FD00F1462F /* extensions */ = {
			isa = PBXGroup;
			children = (
				6BA3793E29CCB70700F1462F /* Strings.swift */,
				6B3F418C2A1D9EB3007223B2 /* Sequence.swift */,
				6B5088242A214CD30047DEAE /* Color.swift */,
				6BB144482A2262D1008CC944 /* Set.swift */,
				6BB144512A22BFBE008CC944 /* Binding.swift */,
				6BB144632A22E160008CC944 /* View.swift */,
			);
			path = extensions;
			sourceTree = "<group>";
		};
		6BA728F32A151EC000DC2EF3 /* MenuTab */ = {
			isa = PBXGroup;
			children = (
				6BA728F42A151ECA00DC2EF3 /* MenuTabModel.swift */,
				6BA728F62A1523AB00DC2EF3 /* MenuTabShape.swift */,
				6BA728F82A15250500DC2EF3 /* MenuTabPosition.swift */,
			);
			path = MenuTab;
			sourceTree = "<group>";
		};
		6BA728FC2A1591BD00DC2EF3 /* CustomCorner */ = {
			isa = PBXGroup;
			children = (
				6BA728FD2A1591D900DC2EF3 /* CustomCorner.swift */,
			);
			path = CustomCorner;
			sourceTree = "<group>";
		};
		6BAFA7B029CBB02D0051A34D /* user */ = {
			isa = PBXGroup;
			children = (
				6BBA60A32A26B17000DB847E /* UserData */,
				6B3F417E2A1D629F007223B2 /* CategoryView */,
				6BB144352A2237FD008CC944 /* AuthHistory */,
				6BB144372A22380D008CC944 /* UserMenu */,
				6BB144382A22382D008CC944 /* CategoriesView */,
			);
			path = user;
			sourceTree = "<group>";
		};
		6BB144322A222E56008CC944 /* TransactionListItem */ = {
			isa = PBXGroup;
			children = (
				6BB144332A222E62008CC944 /* TransactionListItem.swift */,
			);
			path = TransactionListItem;
			sourceTree = "<group>";
		};
		6BB144352A2237FD008CC944 /* AuthHistory */ = {
			isa = PBXGroup;
			children = (
				6BAFA7B429CBB2DF0051A34D /* AuthHistoryViewModel.swift */,
				6BAFA7B129CBB2CF0051A34D /* AuthHistory.swift */,
			);
			path = AuthHistory;
			sourceTree = "<group>";
		};
		6BB144372A22380D008CC944 /* UserMenu */ = {
			isa = PBXGroup;
			children = (
				6BA3793B29CCB4BD00F1462F /* UserMenuViewModel.swift */,
				6BA3793429CCA2BA00F1462F /* UserMenuView.swift */,
			);
			path = UserMenu;
			sourceTree = "<group>";
		};
		6BB144382A22382D008CC944 /* CategoriesView */ = {
			isa = PBXGroup;
			children = (
				6B42D76E29D48D4F0054A9B3 /* CategoriesViewModel.swift */,
				6B42D76C29D48D180054A9B3 /* CategoriesView.swift */,
			);
			path = CategoriesView;
			sourceTree = "<group>";
		};
		6BB144392A22383D008CC944 /* LoginView */ = {
			isa = PBXGroup;
			children = (
				6BB30E2629C52B0500168438 /* LoginViewModel.swift */,
				6BB30E2329C52A1D00168438 /* LoginView.swift */,
			);
			path = LoginView;
			sourceTree = "<group>";
		};
		6BB1443A2A223844008CC944 /* SignUpView */ = {
			isa = PBXGroup;
			children = (
				6BB30E2A29C530D900168438 /* SignUpViewModel.swift */,
				6BB30E2829C530BB00168438 /* SignUpView.swift */,
			);
			path = SignUpView;
			sourceTree = "<group>";
		};
		6BB1443B2A22384F008CC944 /* AuthView */ = {
			isa = PBXGroup;
			children = (
				6BB30E2E29C5321F00168438 /* AuthViewModel.swift */,
				6BB30E2C29C5321300168438 /* AuthView.swift */,
			);
			path = AuthView;
			sourceTree = "<group>";
		};
		6BB1443C2A22385C008CC944 /* MenuView */ = {
			isa = PBXGroup;
			children = (
				6BB6A15029CB650E0004B1D5 /* MenuView.swift */,
				6BAFA7B929CBB6060051A34D /* MenuViewModel.swift */,
			);
			path = MenuView;
			sourceTree = "<group>";
		};
		6BB1443D2A223867008CC944 /* MainView */ = {
			isa = PBXGroup;
			children = (
				6BB6A14929CB53930004B1D5 /* MainViewModel.swift */,
				6BB6A14729CB53830004B1D5 /* MainView.swift */,
			);
			path = MainView;
			sourceTree = "<group>";
		};
		6BB144402A2241CD008CC944 /* UpdateBalanceSheet */ = {
			isa = PBXGroup;
			children = (
				6BB144412A2241D9008CC944 /* UpdateBalanceSheet.swift */,
				6BB144432A224294008CC944 /* UpdateBalanceSheetModel.swift */,
			);
			path = UpdateBalanceSheet;
			sourceTree = "<group>";
		};
		6BB144452A225DCA008CC944 /* CategoryCircleItem */ = {
			isa = PBXGroup;
			children = (
				6BB144462A225DE2008CC944 /* CategoryCircleItem.swift */,
			);
			path = CategoryCircleItem;
			sourceTree = "<group>";
		};
		6BB1444C2A228368008CC944 /* TransanctionView */ = {
			isa = PBXGroup;
			children = (
				6BB1444D2A228377008CC944 /* TransanctionView.swift */,
				6BB1444F2A22838A008CC944 /* TransanctionViewModel.swift */,
			);
			path = TransanctionView;
			sourceTree = "<group>";
		};
		6BB144562A22C1D2008CC944 /* PieChart */ = {
			isa = PBXGroup;
			children = (
				6BB144572A22C1DB008CC944 /* PieChart.swift */,
				6BB144592A22C206008CC944 /* PieSliceData.swift */,
				6BB1445B2A22C22C008CC944 /* PieSliceView.swift */,
				6BB1445D2A22C45E008CC944 /* PieChartRows.swift */,
			);
			path = PieChart;
			sourceTree = "<group>";
		};
		6BB30E1F29C5299000168438 /* models */ = {
			isa = PBXGroup;
			children = (
				6BB30E2029C5299B00168438 /* User.model.swift */,
				6BAFA7B629CBB3180051A34D /* AuthHistoryItem.model.swift */,
				6B42D76829D47F2E0054A9B3 /* Category.model.swift */,
				6BFB87B629E608D6000CD72E /* Transaction.model.swift */,
				6BA728FA2A158E7900DC2EF3 /* Account.model.swift */,
			);
			path = models;
			sourceTree = "<group>";
		};
		6BB30E2229C52A1100168438 /* views */ = {
			isa = PBXGroup;
			children = (
				6BAFA7B029CBB02D0051A34D /* user */,
				6BB6A14F29CB64FF0004B1D5 /* content */,
				6BB6A14B29CB546C0004B1D5 /* auth */,
				6BB1443D2A223867008CC944 /* MainView */,
			);
			path = views;
			sourceTree = "<group>";
		};
		6BB6A14B29CB546C0004B1D5 /* auth */ = {
			isa = PBXGroup;
			children = (
				6BB144392A22383D008CC944 /* LoginView */,
				6BB1443A2A223844008CC944 /* SignUpView */,
				6BB1443B2A22384F008CC944 /* AuthView */,
			);
			path = auth;
			sourceTree = "<group>";
		};
		6BB6A14F29CB64FF0004B1D5 /* content */ = {
			isa = PBXGroup;
			children = (
				6BB1444C2A228368008CC944 /* TransanctionView */,
				6B5088202A21433E0047DEAE /* HomeView */,
				6B3F41872A1D865F007223B2 /* TransactionsView */,
				6BB1443C2A22385C008CC944 /* MenuView */,
			);
			path = content;
			sourceTree = "<group>";
		};
		6BBA60A32A26B17000DB847E /* UserData */ = {
			isa = PBXGroup;
			children = (
				6BBA60A42A26B18400DB847E /* UserDataView.swift */,
				6BBA60A62A26B19000DB847E /* UserDataViewModel.swift */,
			);
			path = UserData;
			sourceTree = "<group>";
		};
		6BC9D4FE2A141B5800C9B31B /* helpers */ = {
			isa = PBXGroup;
			children = (
				6BC9D4FF2A141B6A00C9B31B /* ScrollDetector.swift */,
			);
			path = helpers;
			sourceTree = "<group>";
		};
/* End PBXGroup section */

/* Begin PBXNativeTarget section */
		6B42B9F729C52360003177DC /* Finance App */ = {
			isa = PBXNativeTarget;
			buildConfigurationList = 6B42BA0629C52361003177DC /* Build configuration list for PBXNativeTarget "Finance App" */;
			buildPhases = (
				6B42B9F429C52360003177DC /* Sources */,
				6B42B9F529C52360003177DC /* Frameworks */,
				6B42B9F629C52360003177DC /* Resources */,
			);
			buildRules = (
			);
			dependencies = (
			);
			name = "Finance App";
			packageProductDependencies = (
				6B42BA0E29C5250C003177DC /* FirebaseAnalyticsSwift */,
				6B42BA1029C5250C003177DC /* FirebaseAuth */,
				6B42BA1229C5250C003177DC /* FirebaseCrashlytics */,
				6B42BA1829C5250C003177DC /* FirebaseFirestore */,
				6B42BA2029C5250C003177DC /* FirebasePerformance */,
				6BAFA7BF29CBC4480051A34D /* FirebaseFirestoreSwift */,
				6B3F41822A1D7437007223B2 /* SymbolPicker */,
			);
			productName = "Finance App";
			productReference = 6B42B9F829C52360003177DC /* Finance App.app */;
			productType = "com.apple.product-type.application";
		};
/* End PBXNativeTarget section */

/* Begin PBXProject section */
		6B42B9F029C52360003177DC /* Project object */ = {
			isa = PBXProject;
			attributes = {
				BuildIndependentTargetsInParallel = 1;
				LastSwiftUpdateCheck = 1420;
				LastUpgradeCheck = 1420;
				TargetAttributes = {
					6B42B9F729C52360003177DC = {
						CreatedOnToolsVersion = 14.2;
					};
				};
			};
			buildConfigurationList = 6B42B9F329C52360003177DC /* Build configuration list for PBXProject "Finance App" */;
			compatibilityVersion = "Xcode 14.0";
			developmentRegion = en;
			hasScannedForEncodings = 0;
			knownRegions = (
				en,
				Base,
			);
			mainGroup = 6B42B9EF29C52360003177DC;
			packageReferences = (
				6B42BA0B29C5250C003177DC /* XCRemoteSwiftPackageReference "firebase-ios-sdk" */,
				6B3F41812A1D7437007223B2 /* XCRemoteSwiftPackageReference "SymbolPicker" */,
			);
			productRefGroup = 6B42B9F929C52360003177DC /* Products */;
			projectDirPath = "";
			projectRoot = "";
			targets = (
				6B42B9F729C52360003177DC /* Finance App */,
			);
		};
/* End PBXProject section */

/* Begin PBXResourcesBuildPhase section */
		6B42B9F629C52360003177DC /* Resources */ = {
			isa = PBXResourcesBuildPhase;
			buildActionMask = 2147483647;
			files = (
				6B42BA0329C52361003177DC /* Preview Assets.xcassets in Resources */,
				6BBA60862A267E1D00DB847E /* GoogleService-Info.plist in Resources */,
				6B42BA0029C52361003177DC /* Assets.xcassets in Resources */,
			);
			runOnlyForDeploymentPostprocessing = 0;
		};
/* End PBXResourcesBuildPhase section */

/* Begin PBXSourcesBuildPhase section */
		6B42B9F429C52360003177DC /* Sources */ = {
			isa = PBXSourcesBuildPhase;
			buildActionMask = 2147483647;
			files = (
				6BB144642A22E160008CC944 /* View.swift in Sources */,
				6BB144582A22C1DB008CC944 /* PieChart.swift in Sources */,
				6B42B9FE29C52360003177DC /* ContentView.swift in Sources */,
				6B3F418D2A1D9EB3007223B2 /* Sequence.swift in Sources */,
				6BB144522A22BFBE008CC944 /* Binding.swift in Sources */,
				6BBA60A52A26B18400DB847E /* UserDataView.swift in Sources */,
				6B42B9FC29C52360003177DC /* Finance_AppApp.swift in Sources */,
				6BA3793C29CCB4BD00F1462F /* UserMenuViewModel.swift in Sources */,
				6B5A862F2A24F1A900C55BA0 /* ColorPicker.swift in Sources */,
				6BB1445E2A22C45E008CC944 /* PieChartRows.swift in Sources */,
				6B42D76B29D47FC10054A9B3 /* CategoryService.swift in Sources */,
				6BB144472A225DE2008CC944 /* CategoryCircleItem.swift in Sources */,
				6BAFA7B529CBB2DF0051A34D /* AuthHistoryViewModel.swift in Sources */,
				6B42D76F29D48D4F0054A9B3 /* CategoriesViewModel.swift in Sources */,
				6B3F418B2A1D867F007223B2 /* TransactionsViewViewModel.swift in Sources */,
				6BAFA7B229CBB2CF0051A34D /* AuthHistory.swift in Sources */,
				6BB144342A222E62008CC944 /* TransactionListItem.swift in Sources */,
				6BB30E2429C52A1D00168438 /* LoginView.swift in Sources */,
				6BB6A14829CB53830004B1D5 /* MainView.swift in Sources */,
				6B3F41802A1D62B2007223B2 /* CategoryViewViewModel.swift in Sources */,
				6BB30E2729C52B0500168438 /* LoginViewModel.swift in Sources */,
				6BBA60A72A26B19000DB847E /* UserDataViewModel.swift in Sources */,
				6BA728F72A1523AB00DC2EF3 /* MenuTabShape.swift in Sources */,
				6BB144502A22838A008CC944 /* TransanctionViewModel.swift in Sources */,
				6B87C94229CE90B700145DE8 /* FirebaseService.swift in Sources */,
				6B50882B2A215C020047DEAE /* HomeVIewModel.swift in Sources */,
				6B5088252A214CD30047DEAE /* Color.swift in Sources */,
				6BA728FE2A1591D900DC2EF3 /* CustomCorner.swift in Sources */,
				6BAFA7B729CBB3180051A34D /* AuthHistoryItem.model.swift in Sources */,
				6BB144442A224294008CC944 /* UpdateBalanceSheetModel.swift in Sources */,
				6B5088232A2143740047DEAE /* HomeView.swift in Sources */,
				6BA3793529CCA2BB00F1462F /* UserMenuView.swift in Sources */,
				6BC9D5002A141B6A00C9B31B /* ScrollDetector.swift in Sources */,
				6BB30E2929C530BB00168438 /* SignUpView.swift in Sources */,
				6B42D76929D47F2E0054A9B3 /* Category.model.swift in Sources */,
				6BB6A15129CB650E0004B1D5 /* MenuView.swift in Sources */,
				6B5088312A216A050047DEAE /* AddTransactionSheet.swift in Sources */,
				6B5088362A2170FA0047DEAE /* RoundedTextFieldStyle.swift in Sources */,
				6BB144422A2241D9008CC944 /* UpdateBalanceSheet.swift in Sources */,
				6BB1444E2A228377008CC944 /* TransanctionView.swift in Sources */,
				6BB144492A2262D1008CC944 /* Set.swift in Sources */,
				6BFB87B529E6087F000CD72E /* TransactionService.swift in Sources */,
				6BA3793F29CCB70700F1462F /* Strings.swift in Sources */,
				6BB30E2129C5299B00168438 /* User.model.swift in Sources */,
				6B3F41892A1D8670007223B2 /* TransactionsView.swift in Sources */,
				6BFB87B729E608D6000CD72E /* Transaction.model.swift in Sources */,
				6BB30E2D29C5321300168438 /* AuthView.swift in Sources */,
				6BA728F52A151ECA00DC2EF3 /* MenuTabModel.swift in Sources */,
				6BB1445A2A22C206008CC944 /* PieSliceData.swift in Sources */,
				6BB30E2B29C530D900168438 /* SignUpViewModel.swift in Sources */,
				6B87C94429CE91A000145DE8 /* UserService.swift in Sources */,
				6BA728F92A15250500DC2EF3 /* MenuTabPosition.swift in Sources */,
				6BB1445C2A22C22C008CC944 /* PieSliceView.swift in Sources */,
				6B3F417D2A1D629C007223B2 /* CategoryView.swift in Sources */,
				6BA728FB2A158E7900DC2EF3 /* Account.model.swift in Sources */,
				6B42D76D29D48D180054A9B3 /* CategoriesView.swift in Sources */,
				6BAFA7BA29CBB6060051A34D /* MenuViewModel.swift in Sources */,
				6BB30E2F29C5321F00168438 /* AuthViewModel.swift in Sources */,
				6B5088332A216A2B0047DEAE /* AddTransactionSheetModel.swift in Sources */,
				6BB6A14A29CB53930004B1D5 /* MainViewModel.swift in Sources */,
			);
			runOnlyForDeploymentPostprocessing = 0;
		};
/* End PBXSourcesBuildPhase section */

/* Begin XCBuildConfiguration section */
		6B42BA0429C52361003177DC /* Debug */ = {
			isa = XCBuildConfiguration;
			buildSettings = {
				ALWAYS_SEARCH_USER_PATHS = NO;
				ASSETCATALOG_COMPILER_GLOBAL_ACCENT_COLOR_NAME = "";
				CLANG_ANALYZER_NONNULL = YES;
				CLANG_ANALYZER_NUMBER_OBJECT_CONVERSION = YES_AGGRESSIVE;
				CLANG_CXX_LANGUAGE_STANDARD = "gnu++20";
				CLANG_ENABLE_MODULES = YES;
				CLANG_ENABLE_OBJC_ARC = YES;
				CLANG_ENABLE_OBJC_WEAK = YES;
				CLANG_WARN_BLOCK_CAPTURE_AUTORELEASING = YES;
				CLANG_WARN_BOOL_CONVERSION = YES;
				CLANG_WARN_COMMA = YES;
				CLANG_WARN_CONSTANT_CONVERSION = YES;
				CLANG_WARN_DEPRECATED_OBJC_IMPLEMENTATIONS = YES;
				CLANG_WARN_DIRECT_OBJC_ISA_USAGE = YES_ERROR;
				CLANG_WARN_DOCUMENTATION_COMMENTS = YES;
				CLANG_WARN_EMPTY_BODY = YES;
				CLANG_WARN_ENUM_CONVERSION = YES;
				CLANG_WARN_INFINITE_RECURSION = YES;
				CLANG_WARN_INT_CONVERSION = YES;
				CLANG_WARN_NON_LITERAL_NULL_CONVERSION = YES;
				CLANG_WARN_OBJC_IMPLICIT_RETAIN_SELF = YES;
				CLANG_WARN_OBJC_LITERAL_CONVERSION = YES;
				CLANG_WARN_OBJC_ROOT_CLASS = YES_ERROR;
				CLANG_WARN_QUOTED_INCLUDE_IN_FRAMEWORK_HEADER = YES;
				CLANG_WARN_RANGE_LOOP_ANALYSIS = YES;
				CLANG_WARN_STRICT_PROTOTYPES = YES;
				CLANG_WARN_SUSPICIOUS_MOVE = YES;
				CLANG_WARN_UNGUARDED_AVAILABILITY = YES_AGGRESSIVE;
				CLANG_WARN_UNREACHABLE_CODE = YES;
				CLANG_WARN__DUPLICATE_METHOD_MATCH = YES;
				COPY_PHASE_STRIP = NO;
				DEBUG_INFORMATION_FORMAT = dwarf;
				ENABLE_STRICT_OBJC_MSGSEND = YES;
				ENABLE_TESTABILITY = YES;
				GCC_C_LANGUAGE_STANDARD = gnu11;
				GCC_DYNAMIC_NO_PIC = NO;
				GCC_NO_COMMON_BLOCKS = YES;
				GCC_OPTIMIZATION_LEVEL = 0;
				GCC_PREPROCESSOR_DEFINITIONS = (
					"DEBUG=1",
					"$(inherited)",
				);
				GCC_WARN_64_TO_32_BIT_CONVERSION = YES;
				GCC_WARN_ABOUT_RETURN_TYPE = YES_ERROR;
				GCC_WARN_UNDECLARED_SELECTOR = YES;
				GCC_WARN_UNINITIALIZED_AUTOS = YES_AGGRESSIVE;
				GCC_WARN_UNUSED_FUNCTION = YES;
				GCC_WARN_UNUSED_VARIABLE = YES;
				IPHONEOS_DEPLOYMENT_TARGET = 16.4;
				MTL_ENABLE_DEBUG_INFO = INCLUDE_SOURCE;
				MTL_FAST_MATH = YES;
				ONLY_ACTIVE_ARCH = YES;
				SDKROOT = iphoneos;
				SWIFT_ACTIVE_COMPILATION_CONDITIONS = DEBUG;
				SWIFT_OPTIMIZATION_LEVEL = "-Onone";
			};
			name = Debug;
		};
		6B42BA0529C52361003177DC /* Release */ = {
			isa = XCBuildConfiguration;
			buildSettings = {
				ALWAYS_SEARCH_USER_PATHS = NO;
				ASSETCATALOG_COMPILER_GLOBAL_ACCENT_COLOR_NAME = "";
				CLANG_ANALYZER_NONNULL = YES;
				CLANG_ANALYZER_NUMBER_OBJECT_CONVERSION = YES_AGGRESSIVE;
				CLANG_CXX_LANGUAGE_STANDARD = "gnu++20";
				CLANG_ENABLE_MODULES = YES;
				CLANG_ENABLE_OBJC_ARC = YES;
				CLANG_ENABLE_OBJC_WEAK = YES;
				CLANG_WARN_BLOCK_CAPTURE_AUTORELEASING = YES;
				CLANG_WARN_BOOL_CONVERSION = YES;
				CLANG_WARN_COMMA = YES;
				CLANG_WARN_CONSTANT_CONVERSION = YES;
				CLANG_WARN_DEPRECATED_OBJC_IMPLEMENTATIONS = YES;
				CLANG_WARN_DIRECT_OBJC_ISA_USAGE = YES_ERROR;
				CLANG_WARN_DOCUMENTATION_COMMENTS = YES;
				CLANG_WARN_EMPTY_BODY = YES;
				CLANG_WARN_ENUM_CONVERSION = YES;
				CLANG_WARN_INFINITE_RECURSION = YES;
				CLANG_WARN_INT_CONVERSION = YES;
				CLANG_WARN_NON_LITERAL_NULL_CONVERSION = YES;
				CLANG_WARN_OBJC_IMPLICIT_RETAIN_SELF = YES;
				CLANG_WARN_OBJC_LITERAL_CONVERSION = YES;
				CLANG_WARN_OBJC_ROOT_CLASS = YES_ERROR;
				CLANG_WARN_QUOTED_INCLUDE_IN_FRAMEWORK_HEADER = YES;
				CLANG_WARN_RANGE_LOOP_ANALYSIS = YES;
				CLANG_WARN_STRICT_PROTOTYPES = YES;
				CLANG_WARN_SUSPICIOUS_MOVE = YES;
				CLANG_WARN_UNGUARDED_AVAILABILITY = YES_AGGRESSIVE;
				CLANG_WARN_UNREACHABLE_CODE = YES;
				CLANG_WARN__DUPLICATE_METHOD_MATCH = YES;
				COPY_PHASE_STRIP = NO;
				DEBUG_INFORMATION_FORMAT = "dwarf-with-dsym";
				ENABLE_NS_ASSERTIONS = NO;
				ENABLE_STRICT_OBJC_MSGSEND = YES;
				GCC_C_LANGUAGE_STANDARD = gnu11;
				GCC_NO_COMMON_BLOCKS = YES;
				GCC_WARN_64_TO_32_BIT_CONVERSION = YES;
				GCC_WARN_ABOUT_RETURN_TYPE = YES_ERROR;
				GCC_WARN_UNDECLARED_SELECTOR = YES;
				GCC_WARN_UNINITIALIZED_AUTOS = YES_AGGRESSIVE;
				GCC_WARN_UNUSED_FUNCTION = YES;
				GCC_WARN_UNUSED_VARIABLE = YES;
				IPHONEOS_DEPLOYMENT_TARGET = 16.4;
				MTL_ENABLE_DEBUG_INFO = NO;
				MTL_FAST_MATH = YES;
				SDKROOT = iphoneos;
				SWIFT_COMPILATION_MODE = wholemodule;
				SWIFT_OPTIMIZATION_LEVEL = "-O";
				VALIDATE_PRODUCT = YES;
			};
			name = Release;
		};
		6B42BA0729C52361003177DC /* Debug */ = {
			isa = XCBuildConfiguration;
			buildSettings = {
				ASSETCATALOG_COMPILER_APPICON_NAME = AppIcon;
				ASSETCATALOG_COMPILER_GLOBAL_ACCENT_COLOR_NAME = AccentColor;
				CODE_SIGN_ENTITLEMENTS = "Finance App/Finance App.entitlements";
				CODE_SIGN_STYLE = Automatic;
				CURRENT_PROJECT_VERSION = 1;
				DEBUG_INFORMATION_FORMAT = "dwarf-with-dsym";
				DEVELOPMENT_ASSET_PATHS = "\"Finance App/Preview Content\"";
				DEVELOPMENT_TEAM = 9QSX88N5C6;
				ENABLE_PREVIEWS = YES;
				GENERATE_INFOPLIST_FILE = YES;
				INFOPLIST_KEY_CFBundleDisplayName = "Finance App";
				INFOPLIST_KEY_LSApplicationCategoryType = "public.app-category.finance";
				INFOPLIST_KEY_UIApplicationSceneManifest_Generation = YES;
				INFOPLIST_KEY_UIApplicationSupportsIndirectInputEvents = YES;
				INFOPLIST_KEY_UILaunchScreen_Generation = YES;
				INFOPLIST_KEY_UISupportedInterfaceOrientations = UIInterfaceOrientationPortrait;
				INFOPLIST_KEY_UISupportedInterfaceOrientations_iPad = "UIInterfaceOrientationLandscapeLeft UIInterfaceOrientationLandscapeRight UIInterfaceOrientationPortrait UIInterfaceOrientationPortraitUpsideDown";
				IPHONEOS_DEPLOYMENT_TARGET = 16.2;
				"IPHONEOS_DEPLOYMENT_TARGET[sdk=iphoneos*]" = 16.4;
				LD_RUNPATH_SEARCH_PATHS = (
					"$(inherited)",
					"@executable_path/Frameworks",
				);
				MARKETING_VERSION = 1.0;
				PRODUCT_BUNDLE_IDENTIFIER = tech.settler.financeapp1;
				PRODUCT_NAME = "$(TARGET_NAME)";
				SWIFT_EMIT_LOC_STRINGS = YES;
				SWIFT_VERSION = 5.0;
				TARGETED_DEVICE_FAMILY = "1,2";
			};
			name = Debug;
		};
		6B42BA0829C52361003177DC /* Release */ = {
			isa = XCBuildConfiguration;
			buildSettings = {
				ASSETCATALOG_COMPILER_APPICON_NAME = AppIcon;
				ASSETCATALOG_COMPILER_GLOBAL_ACCENT_COLOR_NAME = AccentColor;
				CODE_SIGN_ENTITLEMENTS = "Finance App/Finance App.entitlements";
				CODE_SIGN_STYLE = Automatic;
				CURRENT_PROJECT_VERSION = 1;
				DEVELOPMENT_ASSET_PATHS = "\"Finance App/Preview Content\"";
				DEVELOPMENT_TEAM = 6DTJGF3D7H;
				ENABLE_PREVIEWS = YES;
				GENERATE_INFOPLIST_FILE = YES;
				INFOPLIST_KEY_CFBundleDisplayName = "Finance App";
				INFOPLIST_KEY_LSApplicationCategoryType = "public.app-category.finance";
				INFOPLIST_KEY_UIApplicationSceneManifest_Generation = YES;
				INFOPLIST_KEY_UIApplicationSupportsIndirectInputEvents = YES;
				INFOPLIST_KEY_UILaunchScreen_Generation = YES;
				INFOPLIST_KEY_UISupportedInterfaceOrientations = UIInterfaceOrientationPortrait;
				INFOPLIST_KEY_UISupportedInterfaceOrientations_iPad = "UIInterfaceOrientationLandscapeLeft UIInterfaceOrientationLandscapeRight UIInterfaceOrientationPortrait UIInterfaceOrientationPortraitUpsideDown";
				IPHONEOS_DEPLOYMENT_TARGET = 16.2;
				LD_RUNPATH_SEARCH_PATHS = (
					"$(inherited)",
					"@executable_path/Frameworks",
				);
				MARKETING_VERSION = 1.0;
				PRODUCT_BUNDLE_IDENTIFIER = tech.settler.financeapp;
				PRODUCT_NAME = "$(TARGET_NAME)";
				SWIFT_EMIT_LOC_STRINGS = YES;
				SWIFT_VERSION = 5.0;
				TARGETED_DEVICE_FAMILY = "1,2";
			};
			name = Release;
		};
/* End XCBuildConfiguration section */

/* Begin XCConfigurationList section */
		6B42B9F329C52360003177DC /* Build configuration list for PBXProject "Finance App" */ = {
			isa = XCConfigurationList;
			buildConfigurations = (
				6B42BA0429C52361003177DC /* Debug */,
				6B42BA0529C52361003177DC /* Release */,
			);
			defaultConfigurationIsVisible = 0;
			defaultConfigurationName = Release;
		};
		6B42BA0629C52361003177DC /* Build configuration list for PBXNativeTarget "Finance App" */ = {
			isa = XCConfigurationList;
			buildConfigurations = (
				6B42BA0729C52361003177DC /* Debug */,
				6B42BA0829C52361003177DC /* Release */,
			);
			defaultConfigurationIsVisible = 0;
			defaultConfigurationName = Release;
		};
/* End XCConfigurationList section */

/* Begin XCRemoteSwiftPackageReference section */
		6B3F41812A1D7437007223B2 /* XCRemoteSwiftPackageReference "SymbolPicker" */ = {
			isa = XCRemoteSwiftPackageReference;
			repositoryURL = "https://github.com/xnth97/SymbolPicker.git";
			requirement = {
				kind = upToNextMajorVersion;
				minimumVersion = 1.4.0;
			};
		};
		6B42BA0B29C5250C003177DC /* XCRemoteSwiftPackageReference "firebase-ios-sdk" */ = {
			isa = XCRemoteSwiftPackageReference;
			repositoryURL = "https://github.com/firebase/firebase-ios-sdk";
			requirement = {
				kind = upToNextMajorVersion;
				minimumVersion = 9.0.0;
			};
		};
/* End XCRemoteSwiftPackageReference section */

/* Begin XCSwiftPackageProductDependency section */
		6B3F41822A1D7437007223B2 /* SymbolPicker */ = {
			isa = XCSwiftPackageProductDependency;
			package = 6B3F41812A1D7437007223B2 /* XCRemoteSwiftPackageReference "SymbolPicker" */;
			productName = SymbolPicker;
		};
		6B42BA0E29C5250C003177DC /* FirebaseAnalyticsSwift */ = {
			isa = XCSwiftPackageProductDependency;
			package = 6B42BA0B29C5250C003177DC /* XCRemoteSwiftPackageReference "firebase-ios-sdk" */;
			productName = FirebaseAnalyticsSwift;
		};
		6B42BA1029C5250C003177DC /* FirebaseAuth */ = {
			isa = XCSwiftPackageProductDependency;
			package = 6B42BA0B29C5250C003177DC /* XCRemoteSwiftPackageReference "firebase-ios-sdk" */;
			productName = FirebaseAuth;
		};
		6B42BA1229C5250C003177DC /* FirebaseCrashlytics */ = {
			isa = XCSwiftPackageProductDependency;
			package = 6B42BA0B29C5250C003177DC /* XCRemoteSwiftPackageReference "firebase-ios-sdk" */;
			productName = FirebaseCrashlytics;
		};
		6B42BA1829C5250C003177DC /* FirebaseFirestore */ = {
			isa = XCSwiftPackageProductDependency;
			package = 6B42BA0B29C5250C003177DC /* XCRemoteSwiftPackageReference "firebase-ios-sdk" */;
			productName = FirebaseFirestore;
		};
		6B42BA2029C5250C003177DC /* FirebasePerformance */ = {
			isa = XCSwiftPackageProductDependency;
			package = 6B42BA0B29C5250C003177DC /* XCRemoteSwiftPackageReference "firebase-ios-sdk" */;
			productName = FirebasePerformance;
		};
		6BAFA7BF29CBC4480051A34D /* FirebaseFirestoreSwift */ = {
			isa = XCSwiftPackageProductDependency;
			package = 6B42BA0B29C5250C003177DC /* XCRemoteSwiftPackageReference "firebase-ios-sdk" */;
			productName = FirebaseFirestoreSwift;
		};
/* End XCSwiftPackageProductDependency section */
	};
	rootObject = 6B42B9F029C52360003177DC /* Project object */;
}
